<?xml version="1.0" encoding="UTF-8" standalone="yes" ?>
<CodeBlocks_project_file>
	<FileVersion major="1" minor="6" />
	<Project>
		<Option title="AKGRenderer" />
		<Option pch_mode="2" />
		<Option compiler="gcc" />
		<Option virtualFolders="glad/;ImGui/;OpenGL Shaders/;OpenGL Headers/;OpenGL Sources/" />
		<Build>
			<Target title="Debug">
				<Option output="bin/Debug/AKGRenderer" prefix_auto="1" extension_auto="1" />
				<Option object_output="obj/Debug/" />
				<Option type="1" />
				<Option compiler="gcc" />
				<Compiler>
					<Add option="-Og" />
					<Add option="-g" />
					<Add directory="include" />
				</Compiler>
			</Target>
			<Target title="Release">
				<Option output="bin/Release/AKGRenderer" prefix_auto="1" extension_auto="1" />
				<Option object_output="obj/Release/" />
				<Option type="0" />
				<Option compiler="gcc" />
				<Compiler>
					<Add option="-O2" />
					<Add directory="include" />
				</Compiler>
				<Linker>
					<Add option="-s" />
				</Linker>
			</Target>
		</Build>
		<Compiler>
			<Add option="-Wall" />
			<Add option="-std=gnu++17" />
			<Add option="-fPIC" />
			<Add option="-m64" />
			<Add option="-fexceptions" />
		</Compiler>
		<Linker>
			<Add option="-static-libstdc++" />
			<Add option="-static-libgcc" />
			<Add option="-static" />
			<Add option="-m64" />
			<Add library="glfw3" />
			<Add library="opengl32" />
			<Add library="gdi32" />
			<Add library="comdlg32" />
		</Linker>
		<Unit filename="glad.c">
			<Option compilerVar="CC" />
			<Option virtualFolder="glad/" />
		</Unit>
		<Unit filename="imgui/imconfig.h">
			<Option virtualFolder="ImGui/" />
		</Unit>
		<Unit filename="imgui/imgui.cpp">
			<Option virtualFolder="ImGui/" />
		</Unit>
		<Unit filename="imgui/imgui.h">
			<Option virtualFolder="ImGui/" />
		</Unit>
		<Unit filename="imgui/imgui_demo.cpp">
			<Option virtualFolder="ImGui/" />
		</Unit>
		<Unit filename="imgui/imgui_draw.cpp">
			<Option virtualFolder="ImGui/" />
		</Unit>
		<Unit filename="imgui/imgui_impl_glfw.cpp">
			<Option virtualFolder="ImGui/" />
		</Unit>
		<Unit filename="imgui/imgui_impl_glfw.h">
			<Option virtualFolder="ImGui/" />
		</Unit>
		<Unit filename="imgui/imgui_impl_opengl3.cpp">
			<Option virtualFolder="ImGui/" />
		</Unit>
		<Unit filename="imgui/imgui_impl_opengl3.h">
			<Option virtualFolder="ImGui/" />
		</Unit>
		<Unit filename="imgui/imgui_impl_opengl3_loader.h">
			<Option virtualFolder="ImGui/" />
		</Unit>
		<Unit filename="imgui/imgui_internal.h">
			<Option virtualFolder="ImGui/" />
		</Unit>
		<Unit filename="imgui/imgui_tables.cpp">
			<Option virtualFolder="ImGui/" />
		</Unit>
		<Unit filename="imgui/imgui_widgets.cpp">
			<Option virtualFolder="ImGui/" />
		</Unit>
		<Unit filename="imgui/imstb_rectpack.h">
			<Option virtualFolder="ImGui/" />
		</Unit>
		<Unit filename="imgui/imstb_textedit.h">
			<Option virtualFolder="ImGui/" />
		</Unit>
		<Unit filename="imgui/imstb_truetype.h">
			<Option virtualFolder="ImGui/" />
		</Unit>
		<Unit filename="include/Color.hpp" />
		<Unit filename="include/DisplayShader.hpp">
			<Option virtualFolder="OpenGL Headers/" />
		</Unit>
		<Unit filename="include/Face.hpp" />
		<Unit filename="include/GLDisplayModel.hpp">
			<Option virtualFolder="OpenGL Headers/" />
		</Unit>
		<Unit filename="include/GLLoader.hpp">
			<Option virtualFolder="OpenGL Headers/" />
		</Unit>
		<Unit filename="include/GLRawModel.hpp">
			<Option virtualFolder="OpenGL Headers/" />
		</Unit>
		<Unit filename="include/GLRenderer.hpp">
			<Option virtualFolder="OpenGL Headers/" />
		</Unit>
		<Unit filename="include/Model.hpp" />
		<Unit filename="include/Renderer.hpp" />
		<Unit filename="include/ShaderInfo.hpp">
			<Option virtualFolder="OpenGL Headers/" />
		</Unit>
		<Unit filename="include/ShaderProgram.hpp">
			<Option virtualFolder="OpenGL Headers/" />
		</Unit>
		<Unit filename="main.cpp" />
		<Unit filename="shaders/fDisplayShader.txt">
			<Option virtualFolder="OpenGL Shaders/" />
		</Unit>
		<Unit filename="shaders/vDisplayShader.txt">
			<Option virtualFolder="OpenGL Shaders/" />
		</Unit>
		<Unit filename="src/DisplayShader.cpp">
			<Option virtualFolder="OpenGL Sources/" />
		</Unit>
		<Unit filename="src/Face.cpp" />
		<Unit filename="src/GLDisplayModel.cpp">
			<Option virtualFolder="OpenGL Sources/" />
		</Unit>
		<Unit filename="src/GLLoader.cpp">
			<Option virtualFolder="OpenGL Sources/" />
		</Unit>
		<Unit filename="src/GLRawModel.cpp">
			<Option virtualFolder="OpenGL Sources/" />
		</Unit>
		<Unit filename="src/GLRenderer.cpp">
			<Option virtualFolder="OpenGL Sources/" />
		</Unit>
		<Unit filename="src/Model.cpp" />
		<Unit filename="src/Renderer.cpp" />
		<Unit filename="src/ShaderProgram.cpp">
			<Option virtualFolder="OpenGL Sources/" />
		</Unit>
		<Extensions>
			<lib_finder disable_auto="1" />
		</Extensions>
	</Project>
</CodeBlocks_project_file>
